
Microsoft Visual Studio Solution File, Format Version 12.00
# Visual Studio Version 17
VisualStudioVersion = 17.1.32210.238
MinimumVisualStudioVersion = 10.0.40219.1
Project("{FAE04EC0-301F-11D3-BF4B-00C04F79EFBC}") = "DZ5", "DZ5\DZ5.csproj", "{B1083168-2212-4F42-8024-EEEA0406B8C8}"
EndProject
Global
	GlobalSection(SolutionConfigurationPlatforms) = preSolution
		Debug|Any CPU = Debug|Any CPU
		Release|Any CPU = Release|Any CPU
	EndGlobalSection
	GlobalSection(ProjectConfigurationPlatforms) = postSolution
		{B1083168-2212-4F42-8024-EEEA0406B8C8}.Debug|Any CPU.ActiveCfg = Debug|Any CPU
		{B1083168-2212-4F42-8024-EEEA0406B8C8}.Debug|Any CPU.Build.0 = Debug|Any CPU
		{B1083168-2212-4F42-8024-EEEA0406B8C8}.Release|Any CPU.ActiveCfg = Release|Any CPU
		{B1083168-2212-4F42-8024-EEEA0406B8C8}.Release|Any CPU.Build.0 = Release|Any CPU
	EndGlobalSection
	GlobalSection(SolutionProperties) = preSolution
		HideSolutionNode = FALSE
	EndGlobalSection
	GlobalSection(ExtensibilityGlobals) = postSolution
		SolutionGuid = {4F2BC6E3-51AE-4C75-AF1C-6AD0B11114B0}
	EndGlobalSection
EndGlobal
